
Microsoft Visual Studio Solution File, Format Version 12.00
# Visual Studio Version 16
VisualStudioVersion = 16.0.30413.136
MinimumVisualStudioVersion = 10.0.40219.1
Project("{9A19103F-16F7-4668-BE54-9A1E7A4F7556}") = "01_HelloWorld", "01_HelloWorld\01_HelloWorld.csproj", "{920DE550-21B9-4BDE-852A-9B7AF7378458}"
EndProject
Project("{9A19103F-16F7-4668-BE54-9A1E7A4F7556}") = "02_VstupVystup", "02_VstupVystup\02_VstupVystup.csproj", "{47B217E1-7A14-49F6-8A75-D7F70D6C66DF}"
EndProject
Project("{FAE04EC0-301F-11D3-BF4B-00C04F79EFBC}") = "03_RidiciStruktury", "03_RidiciStruktury\03_RidiciStruktury.csproj", "{67C74ECE-437E-4192-9B28-FD647CB6653B}"
EndProject
Project("{FAE04EC0-301F-11D3-BF4B-00C04F79EFBC}") = "04_DatoveStruktury", "04_DatoveStruktury\04_DatoveStruktury.csproj", "{49FCA03F-B54A-4EBB-9A2C-99C3FD2FEFE7}"
EndProject
Global
	GlobalSection(SolutionConfigurationPlatforms) = preSolution
		Debug|Any CPU = Debug|Any CPU
		Release|Any CPU = Release|Any CPU
	EndGlobalSection
	GlobalSection(ProjectConfigurationPlatforms) = postSolution
		{920DE550-21B9-4BDE-852A-9B7AF7378458}.Debug|Any CPU.ActiveCfg = Debug|Any CPU
		{920DE550-21B9-4BDE-852A-9B7AF7378458}.Debug|Any CPU.Build.0 = Debug|Any CPU
		{920DE550-21B9-4BDE-852A-9B7AF7378458}.Release|Any CPU.ActiveCfg = Release|Any CPU
		{920DE550-21B9-4BDE-852A-9B7AF7378458}.Release|Any CPU.Build.0 = Release|Any CPU
		{47B217E1-7A14-49F6-8A75-D7F70D6C66DF}.Debug|Any CPU.ActiveCfg = Debug|Any CPU
		{47B217E1-7A14-49F6-8A75-D7F70D6C66DF}.Debug|Any CPU.Build.0 = Debug|Any CPU
		{47B217E1-7A14-49F6-8A75-D7F70D6C66DF}.Release|Any CPU.ActiveCfg = Release|Any CPU
		{47B217E1-7A14-49F6-8A75-D7F70D6C66DF}.Release|Any CPU.Build.0 = Release|Any CPU
		{67C74ECE-437E-4192-9B28-FD647CB6653B}.Debug|Any CPU.ActiveCfg = Debug|Any CPU
		{67C74ECE-437E-4192-9B28-FD647CB6653B}.Debug|Any CPU.Build.0 = Debug|Any CPU
		{67C74ECE-437E-4192-9B28-FD647CB6653B}.Release|Any CPU.ActiveCfg = Release|Any CPU
		{67C74ECE-437E-4192-9B28-FD647CB6653B}.Release|Any CPU.Build.0 = Release|Any CPU
		{49FCA03F-B54A-4EBB-9A2C-99C3FD2FEFE7}.Debug|Any CPU.ActiveCfg = Debug|Any CPU
		{49FCA03F-B54A-4EBB-9A2C-99C3FD2FEFE7}.Debug|Any CPU.Build.0 = Debug|Any CPU
		{49FCA03F-B54A-4EBB-9A2C-99C3FD2FEFE7}.Release|Any CPU.ActiveCfg = Release|Any CPU
		{49FCA03F-B54A-4EBB-9A2C-99C3FD2FEFE7}.Release|Any CPU.Build.0 = Release|Any CPU
	EndGlobalSection
	GlobalSection(SolutionProperties) = preSolution
		HideSolutionNode = FALSE
	EndGlobalSection
	GlobalSection(ExtensibilityGlobals) = postSolution
		SolutionGuid = {7677C53F-98A7-49F8-BCE1-F2E50915F5EC}
	EndGlobalSection
EndGlobal
